Microsoft Visual Studio Solution File, Format Version 12.00
# Visual Studio Version 17
VisualStudioVersion = 17.5.2.0
MinimumVisualStudioVersion = 10.0.40219.1
Project("{FAE04EC0-301F-11D3-BF4B-00C04F79EFBC}") = "Klassen", "Klassen.csproj", "{15C333FA-3D5D-65D5-991D-E9963C7289D1}"
EndProject
Global
	GlobalSection(SolutionConfigurationPlatforms) = preSolution
		Debug|Any CPU = Debug|Any CPU
		Release|Any CPU = Release|Any CPU
	EndGlobalSection
	GlobalSection(ProjectConfigurationPlatforms) = postSolution
		{15C333FA-3D5D-65D5-991D-E9963C7289D1}.Debug|Any CPU.ActiveCfg = Debug|Any CPU
		{15C333FA-3D5D-65D5-991D-E9963C7289D1}.Debug|Any CPU.Build.0 = Debug|Any CPU
		{15C333FA-3D5D-65D5-991D-E9963C7289D1}.Release|Any CPU.ActiveCfg = Release|Any CPU
		{15C333FA-3D5D-65D5-991D-E9963C7289D1}.Release|Any CPU.Build.0 = Release|Any CPU
	EndGlobalSection
	GlobalSection(SolutionProperties) = preSolution
		HideSolutionNode = FALSE
	EndGlobalSection
	GlobalSection(ExtensibilityGlobals) = postSolution
		SolutionGuid = {403EA114-9276-4087-9B6D-C95522BC05D3}
	EndGlobalSection
EndGlobal
